// !$*UTF8*$!
{
	archiveVersion = 1;
	classes = {
	};
	objectVersion = 56;
	objects = {

/* Begin PBXBuildFile section */
		7C18DACA2BF4AA2400BDC705 /* MyGarden.xcdatamodeld in Sources */ = {isa = PBXBuildFile; fileRef = 7C18DAC82BF4AA2400BDC705 /* MyGarden.xcdatamodeld */; };
		7C18DACC2BF4CFA700BDC705 /* DayScrollController.swift in Sources */ = {isa = PBXBuildFile; fileRef = 7C18DACB2BF4CFA700BDC705 /* DayScrollController.swift */; };
		7C18DACE2BF63B0000BDC705 /* PlantScrollViewController.swift in Sources */ = {isa = PBXBuildFile; fileRef = 7C18DACD2BF63B0000BDC705 /* PlantScrollViewController.swift */; };
		7C18DAD02BF76F6F00BDC705 /* FixedDatesView.swift in Sources */ = {isa = PBXBuildFile; fileRef = 7C18DACF2BF76F6F00BDC705 /* FixedDatesView.swift */; };
		7C18DAD32BF8BB4F00BDC705 /* AddReminderViewController.swift in Sources */ = {isa = PBXBuildFile; fileRef = 7C18DAD22BF8BB4F00BDC705 /* AddReminderViewController.swift */; };
		7C18DAD62BFF63FC00BDC705 /* PlantEntity.swift in Sources */ = {isa = PBXBuildFile; fileRef = 7C18DAD52BFF63FC00BDC705 /* PlantEntity.swift */; };
		7C18DAD82C04984600BDC705 /* ReminderEntity.swift in Sources */ = {isa = PBXBuildFile; fileRef = 7C18DAD72C04984600BDC705 /* ReminderEntity.swift */; };
		7C18DADA2C049AB600BDC705 /* ReminderRepository.swift in Sources */ = {isa = PBXBuildFile; fileRef = 7C18DAD92C049AB600BDC705 /* ReminderRepository.swift */; };
		7C18DADC2C05EE3F00BDC705 /* ReminderService.swift in Sources */ = {isa = PBXBuildFile; fileRef = 7C18DADB2C05EE3F00BDC705 /* ReminderService.swift */; };
		7C1C2FA12C0C96D9009FAEED /* Repository.swift in Sources */ = {isa = PBXBuildFile; fileRef = 7C1C2FA02C0C96D9009FAEED /* Repository.swift */; };
		7C1C2FA62C0CF949009FAEED /* TagCollectionViewModule.swift in Sources */ = {isa = PBXBuildFile; fileRef = 7C1C2FA52C0CF949009FAEED /* TagCollectionViewModule.swift */; };
		7C1C2FA92C0DC02F009FAEED /* TagViewController.swift in Sources */ = {isa = PBXBuildFile; fileRef = 7C1C2FA82C0DC02F009FAEED /* TagViewController.swift */; };
		7C1C2FAB2C0DC048009FAEED /* TagsPresenter.swift in Sources */ = {isa = PBXBuildFile; fileRef = 7C1C2FAA2C0DC048009FAEED /* TagsPresenter.swift */; };
		7C1C2FAD2C0DC08C009FAEED /* TagsModule.swift in Sources */ = {isa = PBXBuildFile; fileRef = 7C1C2FAC2C0DC08C009FAEED /* TagsModule.swift */; };
		7C1C2FAF2C0DC0F5009FAEED /* TagService.swift in Sources */ = {isa = PBXBuildFile; fileRef = 7C1C2FAE2C0DC0F5009FAEED /* TagService.swift */; };
		7C2DD4FB2C0B2EFA00C2F37D /* TagRepository.swift in Sources */ = {isa = PBXBuildFile; fileRef = 7C2DD4FA2C0B2EFA00C2F37D /* TagRepository.swift */; };
		7C3B94C92BF34D390017D620 /* PlantAssembly.swift in Sources */ = {isa = PBXBuildFile; fileRef = 7C3B94C82BF34D390017D620 /* PlantAssembly.swift */; };
		7C3B94CB2BF36B580017D620 /* ListOfPlantTVC.swift in Sources */ = {isa = PBXBuildFile; fileRef = 7C3B94CA2BF36B580017D620 /* ListOfPlantTVC.swift */; };
		7C3B94CD2BF378FC0017D620 /* PlantTVC.swift in Sources */ = {isa = PBXBuildFile; fileRef = 7C3B94CC2BF378FC0017D620 /* PlantTVC.swift */; };
		7C3B94CF2BF3CF690017D620 /* NoteService.swift in Sources */ = {isa = PBXBuildFile; fileRef = 7C3B94CE2BF3CF690017D620 /* NoteService.swift */; };
		7C53B2E62BADB5B300BBFEA2 /* SnapKit in Frameworks */ = {isa = PBXBuildFile; productRef = 7C53B2E52BADB5B300BBFEA2 /* SnapKit */; };
		7C53B2E82BADB5B300BBFEA2 /* SnapKit-Dynamic in Frameworks */ = {isa = PBXBuildFile; productRef = 7C53B2E72BADB5B300BBFEA2 /* SnapKit-Dynamic */; };
		7C53B2EC2BADB65A00BBFEA2 /* SnapKit in Frameworks */ = {isa = PBXBuildFile; productRef = 7C53B2EB2BADB65A00BBFEA2 /* SnapKit */; };
		7C53B2EE2BADB65A00BBFEA2 /* SnapKit-Dynamic in Frameworks */ = {isa = PBXBuildFile; productRef = 7C53B2ED2BADB65A00BBFEA2 /* SnapKit-Dynamic */; };
		7C53B2F32BB6EFDB00BBFEA2 /* CustomColors.swift in Sources */ = {isa = PBXBuildFile; fileRef = 7C53B2F22BB6EFDB00BBFEA2 /* CustomColors.swift */; };
		7C53B2F62BB6F01000BBFEA2 /* NoteView.swift in Sources */ = {isa = PBXBuildFile; fileRef = 7C53B2F52BB6F01000BBFEA2 /* NoteView.swift */; };
		7C53B2F82BB8251900BBFEA2 /* ReminderView.swift in Sources */ = {isa = PBXBuildFile; fileRef = 7C53B2F72BB8251900BBFEA2 /* ReminderView.swift */; };
		7C53B2FC2BBED98300BBFEA2 /* Roboto.ttf in Resources */ = {isa = PBXBuildFile; fileRef = 7C53B2FB2BBED98300BBFEA2 /* Roboto.ttf */; };
		7C53B2FE2BBED99500BBFEA2 /* CustomFonts.swift in Sources */ = {isa = PBXBuildFile; fileRef = 7C53B2FD2BBED99500BBFEA2 /* CustomFonts.swift */; };
		7C53B3022BBEDFE100BBFEA2 /* TagView.swift in Sources */ = {isa = PBXBuildFile; fileRef = 7C53B3012BBEDFE100BBFEA2 /* TagView.swift */; };
		7C53B3072BC1F4B900BBFEA2 /* DayPresenter.swift in Sources */ = {isa = PBXBuildFile; fileRef = 7C53B3062BC1F4B900BBFEA2 /* DayPresenter.swift */; };
		7C53B3092BDBCBCF00BBFEA2 /* ReminderButton.swift in Sources */ = {isa = PBXBuildFile; fileRef = 7C53B3082BDBCBCF00BBFEA2 /* ReminderButton.swift */; };
		7C53B30B2BDFA0B000BBFEA2 /* DayModule.swift in Sources */ = {isa = PBXBuildFile; fileRef = 7C53B30A2BDFA0B000BBFEA2 /* DayModule.swift */; };
		7C77125A2B91F100002AB97E /* AppDelegate.swift in Sources */ = {isa = PBXBuildFile; fileRef = 7C7712592B91F100002AB97E /* AppDelegate.swift */; };
		7C77125C2B91F100002AB97E /* SceneDelegate.swift in Sources */ = {isa = PBXBuildFile; fileRef = 7C77125B2B91F100002AB97E /* SceneDelegate.swift */; };
		7C77125E2B91F100002AB97E /* MainViewController.swift in Sources */ = {isa = PBXBuildFile; fileRef = 7C77125D2B91F100002AB97E /* MainViewController.swift */; };
		7C7712662B91F102002AB97E /* Assets.xcassets in Resources */ = {isa = PBXBuildFile; fileRef = 7C7712652B91F102002AB97E /* Assets.xcassets */; };
		7C7712692B91F102002AB97E /* LaunchScreen.storyboard in Resources */ = {isa = PBXBuildFile; fileRef = 7C7712672B91F102002AB97E /* LaunchScreen.storyboard */; };
		7C7712742B91F102002AB97E /* MyGardenTests.swift in Sources */ = {isa = PBXBuildFile; fileRef = 7C7712732B91F102002AB97E /* MyGardenTests.swift */; };
		7C77127E2B91F102002AB97E /* MyGardenUITests.swift in Sources */ = {isa = PBXBuildFile; fileRef = 7C77127D2B91F102002AB97E /* MyGardenUITests.swift */; };
		7C7712802B91F102002AB97E /* MyGardenUITestsLaunchTests.swift in Sources */ = {isa = PBXBuildFile; fileRef = 7C77127F2B91F102002AB97E /* MyGardenUITestsLaunchTests.swift */; };
		7C7A90C32C066D4600A8786D /* ReminderModule.swift in Sources */ = {isa = PBXBuildFile; fileRef = 7C7A90C22C066D4600A8786D /* ReminderModule.swift */; };
		7C82BDF32C0749D00023F09E /* CalendarViewController.swift in Sources */ = {isa = PBXBuildFile; fileRef = 7C82BDF22C0749D00023F09E /* CalendarViewController.swift */; };
		7C82BDF52C0767F00023F09E /* CalendarAssembly.swift in Sources */ = {isa = PBXBuildFile; fileRef = 7C82BDF42C0767F00023F09E /* CalendarAssembly.swift */; };
		7C82BDF72C090D800023F09E /* PlantRepository.swift in Sources */ = {isa = PBXBuildFile; fileRef = 7C82BDF62C090D800023F09E /* PlantRepository.swift */; };
		7C82BDF92C09EC720023F09E /* PlantService.swift in Sources */ = {isa = PBXBuildFile; fileRef = 7C82BDF82C09EC720023F09E /* PlantService.swift */; };
		7C82BDFC2C0A15460023F09E /* ListOfPlantsPresenter.swift in Sources */ = {isa = PBXBuildFile; fileRef = 7C82BDFB2C0A15460023F09E /* ListOfPlantsPresenter.swift */; };
		7C82BDFF2C0A65900023F09E /* TagEntity.swift in Sources */ = {isa = PBXBuildFile; fileRef = 7C82BDFE2C0A65900023F09E /* TagEntity.swift */; };
		7C9EC32C2BE62DEE009C142C /* TagCollectionView.swift in Sources */ = {isa = PBXBuildFile; fileRef = 7C9EC32B2BE62DEE009C142C /* TagCollectionView.swift */; };
		7C9EC3312BEA22B1009C142C /* DayAssembly.swift in Sources */ = {isa = PBXBuildFile; fileRef = 7C9EC3302BEA22B1009C142C /* DayAssembly.swift */; };
		7C9EC3332BEB6887009C142C /* PlantsPresenter.swift in Sources */ = {isa = PBXBuildFile; fileRef = 7C9EC3322BEB6887009C142C /* PlantsPresenter.swift */; };
		7C9EC3352BEB689C009C142C /* PlantsModule.swift in Sources */ = {isa = PBXBuildFile; fileRef = 7C9EC3342BEB689C009C142C /* PlantsModule.swift */; };
		7C9EC33E2BECD870009C142C /* RobotoFlex.ttf in Resources */ = {isa = PBXBuildFile; fileRef = 7C9EC33D2BECD870009C142C /* RobotoFlex.ttf */; };
		7C9EC33F2BECD870009C142C /* RobotoFlex.ttf in Resources */ = {isa = PBXBuildFile; fileRef = 7C9EC33D2BECD870009C142C /* RobotoFlex.ttf */; };
		7C9EC3402BECD870009C142C /* RobotoFlex.ttf in Resources */ = {isa = PBXBuildFile; fileRef = 7C9EC33D2BECD870009C142C /* RobotoFlex.ttf */; };
		7C9EC35A2BECDDFC009C142C /* Roboto-Bold.ttf in Resources */ = {isa = PBXBuildFile; fileRef = 7C9EC3592BECDDFC009C142C /* Roboto-Bold.ttf */; };
		7C9EC35B2BECDDFC009C142C /* Roboto-Bold.ttf in Resources */ = {isa = PBXBuildFile; fileRef = 7C9EC3592BECDDFC009C142C /* Roboto-Bold.ttf */; };
		7C9EC35C2BECDDFC009C142C /* Roboto-Bold.ttf in Resources */ = {isa = PBXBuildFile; fileRef = 7C9EC3592BECDDFC009C142C /* Roboto-Bold.ttf */; };
		7C9EC3632BEF54F4009C142C /* NoteEntity.swift in Sources */ = {isa = PBXBuildFile; fileRef = 7C9EC3622BEF54F4009C142C /* NoteEntity.swift */; };
		7C9EC3642BEF54F4009C142C /* NoteEntity.swift in Sources */ = {isa = PBXBuildFile; fileRef = 7C9EC3622BEF54F4009C142C /* NoteEntity.swift */; };
		7C9EC3652BEF54F4009C142C /* NoteEntity.swift in Sources */ = {isa = PBXBuildFile; fileRef = 7C9EC3622BEF54F4009C142C /* NoteEntity.swift */; };
		7C9EC36B2BEF5B06009C142C /* NoteRepository.swift in Sources */ = {isa = PBXBuildFile; fileRef = 7C9EC36A2BEF5B06009C142C /* NoteRepository.swift */; };
		7C9EC36C2BEF5B06009C142C /* NoteRepository.swift in Sources */ = {isa = PBXBuildFile; fileRef = 7C9EC36A2BEF5B06009C142C /* NoteRepository.swift */; };
		7C9EC36D2BEF5B06009C142C /* NoteRepository.swift in Sources */ = {isa = PBXBuildFile; fileRef = 7C9EC36A2BEF5B06009C142C /* NoteRepository.swift */; };
/* End PBXBuildFile section */

/* Begin PBXContainerItemProxy section */
		7C7712702B91F102002AB97E /* PBXContainerItemProxy */ = {
			isa = PBXContainerItemProxy;
			containerPortal = 7C77124E2B91F100002AB97E /* Project object */;
			proxyType = 1;
			remoteGlobalIDString = 7C7712552B91F100002AB97E;
			remoteInfo = MyGarden;
		};
		7C77127A2B91F102002AB97E /* PBXContainerItemProxy */ = {
			isa = PBXContainerItemProxy;
			containerPortal = 7C77124E2B91F100002AB97E /* Project object */;
			proxyType = 1;
			remoteGlobalIDString = 7C7712552B91F100002AB97E;
			remoteInfo = MyGarden;
		};
/* End PBXContainerItemProxy section */

/* Begin PBXFileReference section */
		7C18DAC92BF4AA2400BDC705 /* MyGarden.xcdatamodel */ = {isa = PBXFileReference; lastKnownFileType = wrapper.xcdatamodel; path = MyGarden.xcdatamodel; sourceTree = "<group>"; };
		7C18DACB2BF4CFA700BDC705 /* DayScrollController.swift */ = {isa = PBXFileReference; lastKnownFileType = sourcecode.swift; path = DayScrollController.swift; sourceTree = "<group>"; };
		7C18DACD2BF63B0000BDC705 /* PlantScrollViewController.swift */ = {isa = PBXFileReference; lastKnownFileType = sourcecode.swift; path = PlantScrollViewController.swift; sourceTree = "<group>"; };
		7C18DACF2BF76F6F00BDC705 /* FixedDatesView.swift */ = {isa = PBXFileReference; lastKnownFileType = sourcecode.swift; path = FixedDatesView.swift; sourceTree = "<group>"; };
		7C18DAD22BF8BB4F00BDC705 /* AddReminderViewController.swift */ = {isa = PBXFileReference; lastKnownFileType = sourcecode.swift; path = AddReminderViewController.swift; sourceTree = "<group>"; };
		7C18DAD52BFF63FC00BDC705 /* PlantEntity.swift */ = {isa = PBXFileReference; lastKnownFileType = sourcecode.swift; path = PlantEntity.swift; sourceTree = "<group>"; };
		7C18DAD72C04984600BDC705 /* ReminderEntity.swift */ = {isa = PBXFileReference; lastKnownFileType = sourcecode.swift; path = ReminderEntity.swift; sourceTree = "<group>"; };
		7C18DAD92C049AB600BDC705 /* ReminderRepository.swift */ = {isa = PBXFileReference; lastKnownFileType = sourcecode.swift; path = ReminderRepository.swift; sourceTree = "<group>"; };
		7C18DADB2C05EE3F00BDC705 /* ReminderService.swift */ = {isa = PBXFileReference; lastKnownFileType = sourcecode.swift; path = ReminderService.swift; sourceTree = "<group>"; };
		7C1C2FA02C0C96D9009FAEED /* Repository.swift */ = {isa = PBXFileReference; lastKnownFileType = sourcecode.swift; path = Repository.swift; sourceTree = "<group>"; };
		7C1C2FA52C0CF949009FAEED /* TagCollectionViewModule.swift */ = {isa = PBXFileReference; lastKnownFileType = sourcecode.swift; path = TagCollectionViewModule.swift; sourceTree = "<group>"; };
		7C1C2FA82C0DC02F009FAEED /* TagViewController.swift */ = {isa = PBXFileReference; lastKnownFileType = sourcecode.swift; path = TagViewController.swift; sourceTree = "<group>"; };
		7C1C2FAA2C0DC048009FAEED /* TagsPresenter.swift */ = {isa = PBXFileReference; lastKnownFileType = sourcecode.swift; path = TagsPresenter.swift; sourceTree = "<group>"; };
		7C1C2FAC2C0DC08C009FAEED /* TagsModule.swift */ = {isa = PBXFileReference; lastKnownFileType = sourcecode.swift; path = TagsModule.swift; sourceTree = "<group>"; };
		7C1C2FAE2C0DC0F5009FAEED /* TagService.swift */ = {isa = PBXFileReference; lastKnownFileType = sourcecode.swift; path = TagService.swift; sourceTree = "<group>"; };
		7C2DD4FA2C0B2EFA00C2F37D /* TagRepository.swift */ = {isa = PBXFileReference; lastKnownFileType = sourcecode.swift; path = TagRepository.swift; sourceTree = "<group>"; };
		7C3B94C82BF34D390017D620 /* PlantAssembly.swift */ = {isa = PBXFileReference; lastKnownFileType = sourcecode.swift; path = PlantAssembly.swift; sourceTree = "<group>"; };
		7C3B94CA2BF36B580017D620 /* ListOfPlantTVC.swift */ = {isa = PBXFileReference; lastKnownFileType = sourcecode.swift; path = ListOfPlantTVC.swift; sourceTree = "<group>"; };
		7C3B94CC2BF378FC0017D620 /* PlantTVC.swift */ = {isa = PBXFileReference; lastKnownFileType = sourcecode.swift; path = PlantTVC.swift; sourceTree = "<group>"; };
		7C3B94CE2BF3CF690017D620 /* NoteService.swift */ = {isa = PBXFileReference; lastKnownFileType = sourcecode.swift; path = NoteService.swift; sourceTree = "<group>"; };
		7C53B2F22BB6EFDB00BBFEA2 /* CustomColors.swift */ = {isa = PBXFileReference; lastKnownFileType = sourcecode.swift; path = CustomColors.swift; sourceTree = "<group>"; };
		7C53B2F52BB6F01000BBFEA2 /* NoteView.swift */ = {isa = PBXFileReference; lastKnownFileType = sourcecode.swift; path = NoteView.swift; sourceTree = "<group>"; };
		7C53B2F72BB8251900BBFEA2 /* ReminderView.swift */ = {isa = PBXFileReference; lastKnownFileType = sourcecode.swift; path = ReminderView.swift; sourceTree = "<group>"; };
		7C53B2FB2BBED98300BBFEA2 /* Roboto.ttf */ = {isa = PBXFileReference; lastKnownFileType = file; path = Roboto.ttf; sourceTree = "<group>"; };
		7C53B2FD2BBED99500BBFEA2 /* CustomFonts.swift */ = {isa = PBXFileReference; lastKnownFileType = sourcecode.swift; path = CustomFonts.swift; sourceTree = "<group>"; };
		7C53B3012BBEDFE100BBFEA2 /* TagView.swift */ = {isa = PBXFileReference; lastKnownFileType = sourcecode.swift; path = TagView.swift; sourceTree = "<group>"; };
		7C53B3062BC1F4B900BBFEA2 /* DayPresenter.swift */ = {isa = PBXFileReference; lastKnownFileType = sourcecode.swift; path = DayPresenter.swift; sourceTree = "<group>"; };
		7C53B3082BDBCBCF00BBFEA2 /* ReminderButton.swift */ = {isa = PBXFileReference; lastKnownFileType = sourcecode.swift; path = ReminderButton.swift; sourceTree = "<group>"; };
		7C53B30A2BDFA0B000BBFEA2 /* DayModule.swift */ = {isa = PBXFileReference; lastKnownFileType = sourcecode.swift; path = DayModule.swift; sourceTree = "<group>"; };
		7C7712562B91F100002AB97E /* MyGarden.app */ = {isa = PBXFileReference; explicitFileType = wrapper.application; includeInIndex = 0; path = MyGarden.app; sourceTree = BUILT_PRODUCTS_DIR; };
		7C7712592B91F100002AB97E /* AppDelegate.swift */ = {isa = PBXFileReference; lastKnownFileType = sourcecode.swift; path = AppDelegate.swift; sourceTree = "<group>"; };
		7C77125B2B91F100002AB97E /* SceneDelegate.swift */ = {isa = PBXFileReference; lastKnownFileType = sourcecode.swift; path = SceneDelegate.swift; sourceTree = "<group>"; };
		7C77125D2B91F100002AB97E /* MainViewController.swift */ = {isa = PBXFileReference; lastKnownFileType = sourcecode.swift; path = MainViewController.swift; sourceTree = "<group>"; };
		7C7712652B91F102002AB97E /* Assets.xcassets */ = {isa = PBXFileReference; lastKnownFileType = folder.assetcatalog; path = Assets.xcassets; sourceTree = "<group>"; };
		7C7712682B91F102002AB97E /* Base */ = {isa = PBXFileReference; lastKnownFileType = file.storyboard; name = Base; path = Base.lproj/LaunchScreen.storyboard; sourceTree = "<group>"; };
		7C77126A2B91F102002AB97E /* Info.plist */ = {isa = PBXFileReference; lastKnownFileType = text.plist.xml; path = Info.plist; sourceTree = "<group>"; };
		7C77126F2B91F102002AB97E /* MyGardenTests.xctest */ = {isa = PBXFileReference; explicitFileType = wrapper.cfbundle; includeInIndex = 0; path = MyGardenTests.xctest; sourceTree = BUILT_PRODUCTS_DIR; };
		7C7712732B91F102002AB97E /* MyGardenTests.swift */ = {isa = PBXFileReference; lastKnownFileType = sourcecode.swift; path = MyGardenTests.swift; sourceTree = "<group>"; };
		7C7712792B91F102002AB97E /* MyGardenUITests.xctest */ = {isa = PBXFileReference; explicitFileType = wrapper.cfbundle; includeInIndex = 0; path = MyGardenUITests.xctest; sourceTree = BUILT_PRODUCTS_DIR; };
		7C77127D2B91F102002AB97E /* MyGardenUITests.swift */ = {isa = PBXFileReference; lastKnownFileType = sourcecode.swift; path = MyGardenUITests.swift; sourceTree = "<group>"; };
		7C77127F2B91F102002AB97E /* MyGardenUITestsLaunchTests.swift */ = {isa = PBXFileReference; lastKnownFileType = sourcecode.swift; path = MyGardenUITestsLaunchTests.swift; sourceTree = "<group>"; };
		7C7A90C22C066D4600A8786D /* ReminderModule.swift */ = {isa = PBXFileReference; lastKnownFileType = sourcecode.swift; path = ReminderModule.swift; sourceTree = "<group>"; };
		7C82BDF22C0749D00023F09E /* CalendarViewController.swift */ = {isa = PBXFileReference; lastKnownFileType = sourcecode.swift; path = CalendarViewController.swift; sourceTree = "<group>"; };
		7C82BDF42C0767F00023F09E /* CalendarAssembly.swift */ = {isa = PBXFileReference; lastKnownFileType = sourcecode.swift; path = CalendarAssembly.swift; sourceTree = "<group>"; };
		7C82BDF62C090D800023F09E /* PlantRepository.swift */ = {isa = PBXFileReference; lastKnownFileType = sourcecode.swift; path = PlantRepository.swift; sourceTree = "<group>"; };
		7C82BDF82C09EC720023F09E /* PlantService.swift */ = {isa = PBXFileReference; lastKnownFileType = sourcecode.swift; path = PlantService.swift; sourceTree = "<group>"; };
		7C82BDFB2C0A15460023F09E /* ListOfPlantsPresenter.swift */ = {isa = PBXFileReference; lastKnownFileType = sourcecode.swift; path = ListOfPlantsPresenter.swift; sourceTree = "<group>"; };
		7C82BDFE2C0A65900023F09E /* TagEntity.swift */ = {isa = PBXFileReference; lastKnownFileType = sourcecode.swift; path = TagEntity.swift; sourceTree = "<group>"; };
		7C9EC32B2BE62DEE009C142C /* TagCollectionView.swift */ = {isa = PBXFileReference; lastKnownFileType = sourcecode.swift; path = TagCollectionView.swift; sourceTree = "<group>"; };
		7C9EC3302BEA22B1009C142C /* DayAssembly.swift */ = {isa = PBXFileReference; lastKnownFileType = sourcecode.swift; path = DayAssembly.swift; sourceTree = "<group>"; };
		7C9EC3322BEB6887009C142C /* PlantsPresenter.swift */ = {isa = PBXFileReference; lastKnownFileType = sourcecode.swift; path = PlantsPresenter.swift; sourceTree = "<group>"; };
		7C9EC3342BEB689C009C142C /* PlantsModule.swift */ = {isa = PBXFileReference; lastKnownFileType = sourcecode.swift; path = PlantsModule.swift; sourceTree = "<group>"; };
		7C9EC33D2BECD870009C142C /* RobotoFlex.ttf */ = {isa = PBXFileReference; lastKnownFileType = file; path = RobotoFlex.ttf; sourceTree = "<group>"; };
		7C9EC3592BECDDFC009C142C /* Roboto-Bold.ttf */ = {isa = PBXFileReference; lastKnownFileType = file; path = "Roboto-Bold.ttf"; sourceTree = "<group>"; };
		7C9EC3622BEF54F4009C142C /* NoteEntity.swift */ = {isa = PBXFileReference; lastKnownFileType = sourcecode.swift; path = NoteEntity.swift; sourceTree = "<group>"; };
		7C9EC36A2BEF5B06009C142C /* NoteRepository.swift */ = {isa = PBXFileReference; lastKnownFileType = sourcecode.swift; path = NoteRepository.swift; sourceTree = "<group>"; };
/* End PBXFileReference section */

/* Begin PBXFrameworksBuildPhase section */
		7C7712532B91F100002AB97E /* Frameworks */ = {
			isa = PBXFrameworksBuildPhase;
			buildActionMask = 2147483647;
			files = (
				7C53B2E62BADB5B300BBFEA2 /* SnapKit in Frameworks */,
				7C53B2E82BADB5B300BBFEA2 /* SnapKit-Dynamic in Frameworks */,
			);
			runOnlyForDeploymentPostprocessing = 0;
		};
		7C77126C2B91F102002AB97E /* Frameworks */ = {
			isa = PBXFrameworksBuildPhase;
			buildActionMask = 2147483647;
			files = (
				7C53B2EC2BADB65A00BBFEA2 /* SnapKit in Frameworks */,
				7C53B2EE2BADB65A00BBFEA2 /* SnapKit-Dynamic in Frameworks */,
			);
			runOnlyForDeploymentPostprocessing = 0;
		};
		7C7712762B91F102002AB97E /* Frameworks */ = {
			isa = PBXFrameworksBuildPhase;
			buildActionMask = 2147483647;
			files = (
			);
			runOnlyForDeploymentPostprocessing = 0;
		};
/* End PBXFrameworksBuildPhase section */

/* Begin PBXGroup section */
		7C18DAD12BF8BB3500BDC705 /* ReminderModule */ = {
			isa = PBXGroup;
			children = (
				7C18DAD22BF8BB4F00BDC705 /* AddReminderViewController.swift */,
				7C7A90C22C066D4600A8786D /* ReminderModule.swift */,
			);
			path = ReminderModule;
			sourceTree = "<group>";
		};
		7C1C2FA22C0CD171009FAEED /* TagCollectionView */ = {
			isa = PBXGroup;
			children = (
				7C1C2FA52C0CF949009FAEED /* TagCollectionViewModule.swift */,
				7C53B3012BBEDFE100BBFEA2 /* TagView.swift */,
				7C9EC32B2BE62DEE009C142C /* TagCollectionView.swift */,
			);
			path = TagCollectionView;
			sourceTree = "<group>";
		};
		7C1C2FA72C0DC010009FAEED /* TagModule */ = {
			isa = PBXGroup;
			children = (
				7C1C2FAC2C0DC08C009FAEED /* TagsModule.swift */,
				7C1C2FA82C0DC02F009FAEED /* TagViewController.swift */,
				7C1C2FAA2C0DC048009FAEED /* TagsPresenter.swift */,
			);
			path = TagModule;
			sourceTree = "<group>";
		};
		7C535B612BE112A20072134D /* PlantModule */ = {
			isa = PBXGroup;
			children = (
				7C3B94C82BF34D390017D620 /* PlantAssembly.swift */,
				7C9EC3342BEB689C009C142C /* PlantsModule.swift */,
				7C82BDFD2C0A156E0023F09E /* PlantModule */,
				7C82BDFA2C0A15240023F09E /* ListOfPlants */,
			);
			path = PlantModule;
			sourceTree = "<group>";
		};
		7C53B2F02BB6EFB600BBFEA2 /* Source */ = {
			isa = PBXGroup;
			children = (
				7C9EC3672BEF5A75009C142C /* DataLayer */,
				7C9EC3662BEF5990009C142C /* Modules */,
				7C53B2F42BB6EFFE00BBFEA2 /* Views */,
				7C53B2F12BB6EFC900BBFEA2 /* Design */,
			);
			path = Source;
			sourceTree = "<group>";
		};
		7C53B2F12BB6EFC900BBFEA2 /* Design */ = {
			isa = PBXGroup;
			children = (
				7C53B2F22BB6EFDB00BBFEA2 /* CustomColors.swift */,
				7C53B2FD2BBED99500BBFEA2 /* CustomFonts.swift */,
			);
			path = Design;
			sourceTree = "<group>";
		};
		7C53B2F42BB6EFFE00BBFEA2 /* Views */ = {
			isa = PBXGroup;
			children = (
				7C1C2FA22C0CD171009FAEED /* TagCollectionView */,
				7C3B94CC2BF378FC0017D620 /* PlantTVC.swift */,
				7C53B2F52BB6F01000BBFEA2 /* NoteView.swift */,
				7C53B2F72BB8251900BBFEA2 /* ReminderView.swift */,
				7C53B3082BDBCBCF00BBFEA2 /* ReminderButton.swift */,
				7C18DACF2BF76F6F00BDC705 /* FixedDatesView.swift */,
			);
			path = Views;
			sourceTree = "<group>";
		};
		7C53B2F92BBED8DC00BBFEA2 /* Resource */ = {
			isa = PBXGroup;
			children = (
				7C53B2FA2BBED8E600BBFEA2 /* Fonts */,
			);
			path = Resource;
			sourceTree = "<group>";
		};
		7C53B2FA2BBED8E600BBFEA2 /* Fonts */ = {
			isa = PBXGroup;
			children = (
				7C9EC3592BECDDFC009C142C /* Roboto-Bold.ttf */,
				7C9EC33D2BECD870009C142C /* RobotoFlex.ttf */,
				7C53B2FB2BBED98300BBFEA2 /* Roboto.ttf */,
			);
			path = Fonts;
			sourceTree = "<group>";
		};
		7C53B3032BC014D800BBFEA2 /* DayModule */ = {
			isa = PBXGroup;
			children = (
				7C9EC3302BEA22B1009C142C /* DayAssembly.swift */,
				7C53B30A2BDFA0B000BBFEA2 /* DayModule.swift */,
				7C53B3062BC1F4B900BBFEA2 /* DayPresenter.swift */,
				7C18DACB2BF4CFA700BDC705 /* DayScrollController.swift */,
			);
			path = DayModule;
			sourceTree = "<group>";
		};
		7C77124D2B91F100002AB97E = {
			isa = PBXGroup;
			children = (
				7C7712582B91F100002AB97E /* MyGarden */,
				7C7712722B91F102002AB97E /* MyGardenTests */,
				7C77127C2B91F102002AB97E /* MyGardenUITests */,
				7C7712572B91F100002AB97E /* Products */,
			);
			sourceTree = "<group>";
		};
		7C7712572B91F100002AB97E /* Products */ = {
			isa = PBXGroup;
			children = (
				7C7712562B91F100002AB97E /* MyGarden.app */,
				7C77126F2B91F102002AB97E /* MyGardenTests.xctest */,
				7C7712792B91F102002AB97E /* MyGardenUITests.xctest */,
			);
			name = Products;
			sourceTree = "<group>";
		};
		7C7712582B91F100002AB97E /* MyGarden */ = {
			isa = PBXGroup;
			children = (
				7C53B2F92BBED8DC00BBFEA2 /* Resource */,
				7C53B2F02BB6EFB600BBFEA2 /* Source */,
				7C7712592B91F100002AB97E /* AppDelegate.swift */,
				7C77125B2B91F100002AB97E /* SceneDelegate.swift */,
				7C77125D2B91F100002AB97E /* MainViewController.swift */,
				7C7712652B91F102002AB97E /* Assets.xcassets */,
				7C7712672B91F102002AB97E /* LaunchScreen.storyboard */,
				7C77126A2B91F102002AB97E /* Info.plist */,
				7C18DAC82BF4AA2400BDC705 /* MyGarden.xcdatamodeld */,
			);
			path = MyGarden;
			sourceTree = "<group>";
		};
		7C7712722B91F102002AB97E /* MyGardenTests */ = {
			isa = PBXGroup;
			children = (
				7C7712732B91F102002AB97E /* MyGardenTests.swift */,
			);
			path = MyGardenTests;
			sourceTree = "<group>";
		};
		7C77127C2B91F102002AB97E /* MyGardenUITests */ = {
			isa = PBXGroup;
			children = (
				7C77127D2B91F102002AB97E /* MyGardenUITests.swift */,
				7C77127F2B91F102002AB97E /* MyGardenUITestsLaunchTests.swift */,
			);
			path = MyGardenUITests;
			sourceTree = "<group>";
		};
		7C82BDF12C0749A30023F09E /* CalendarView */ = {
			isa = PBXGroup;
			children = (
				7C82BDF42C0767F00023F09E /* CalendarAssembly.swift */,
				7C82BDF22C0749D00023F09E /* CalendarViewController.swift */,
			);
			path = CalendarView;
			sourceTree = "<group>";
		};
		7C82BDFA2C0A15240023F09E /* ListOfPlants */ = {
			isa = PBXGroup;
			children = (
				7C3B94CA2BF36B580017D620 /* ListOfPlantTVC.swift */,
				7C82BDFB2C0A15460023F09E /* ListOfPlantsPresenter.swift */,
			);
			path = ListOfPlants;
			sourceTree = "<group>";
		};
		7C82BDFD2C0A156E0023F09E /* PlantModule */ = {
			isa = PBXGroup;
			children = (
				7C9EC3322BEB6887009C142C /* PlantsPresenter.swift */,
				7C18DACD2BF63B0000BDC705 /* PlantScrollViewController.swift */,
			);
			path = PlantModule;
			sourceTree = "<group>";
		};
		7C97258F2BE2530D006AA86E /* Models */ = {
			isa = PBXGroup;
			children = (
				7C9EC3612BEF54D0009C142C /* Entities */,
			);
			path = Models;
			sourceTree = "<group>";
		};
		7C9EC3612BEF54D0009C142C /* Entities */ = {
			isa = PBXGroup;
			children = (
				7C9EC3622BEF54F4009C142C /* NoteEntity.swift */,
				7C18DAD52BFF63FC00BDC705 /* PlantEntity.swift */,
				7C18DAD72C04984600BDC705 /* ReminderEntity.swift */,
				7C82BDFE2C0A65900023F09E /* TagEntity.swift */,
			);
			path = Entities;
			sourceTree = "<group>";
		};
		7C9EC3662BEF5990009C142C /* Modules */ = {
			isa = PBXGroup;
			children = (
				7C1C2FA72C0DC010009FAEED /* TagModule */,
				7C82BDF12C0749A30023F09E /* CalendarView */,
				7C18DAD12BF8BB3500BDC705 /* ReminderModule */,
				7C535B612BE112A20072134D /* PlantModule */,
				7C53B3032BC014D800BBFEA2 /* DayModule */,
			);
			path = Modules;
			sourceTree = "<group>";
		};
		7C9EC3672BEF5A75009C142C /* DataLayer */ = {
			isa = PBXGroup;
			children = (
				7C9EC3692BEF5A9D009C142C /* Services */,
				7C9EC3682BEF5A90009C142C /* Repositories */,
				7C97258F2BE2530D006AA86E /* Models */,
			);
			path = DataLayer;
			sourceTree = "<group>";
		};
		7C9EC3682BEF5A90009C142C /* Repositories */ = {
			isa = PBXGroup;
			children = (
				7C1C2FA02C0C96D9009FAEED /* Repository.swift */,
				7C9EC36A2BEF5B06009C142C /* NoteRepository.swift */,
				7C18DAD92C049AB600BDC705 /* ReminderRepository.swift */,
				7C82BDF62C090D800023F09E /* PlantRepository.swift */,
				7C2DD4FA2C0B2EFA00C2F37D /* TagRepository.swift */,
			);
			path = Repositories;
			sourceTree = "<group>";
		};
		7C9EC3692BEF5A9D009C142C /* Services */ = {
			isa = PBXGroup;
			children = (
				7C3B94CE2BF3CF690017D620 /* NoteService.swift */,
				7C18DADB2C05EE3F00BDC705 /* ReminderService.swift */,
				7C82BDF82C09EC720023F09E /* PlantService.swift */,
				7C1C2FAE2C0DC0F5009FAEED /* TagService.swift */,
			);
			path = Services;
			sourceTree = "<group>";
		};
/* End PBXGroup section */

/* Begin PBXNativeTarget section */
		7C7712552B91F100002AB97E /* MyGarden */ = {
			isa = PBXNativeTarget;
			buildConfigurationList = 7C7712832B91F102002AB97E /* Build configuration list for PBXNativeTarget "MyGarden" */;
			buildPhases = (
				7C7712522B91F100002AB97E /* Sources */,
				7C7712532B91F100002AB97E /* Frameworks */,
				7C7712542B91F100002AB97E /* Resources */,
			);
			buildRules = (
			);
			dependencies = (
			);
			name = MyGarden;
			packageProductDependencies = (
				7C53B2E52BADB5B300BBFEA2 /* SnapKit */,
				7C53B2E72BADB5B300BBFEA2 /* SnapKit-Dynamic */,
			);
			productName = MyGarden;
			productReference = 7C7712562B91F100002AB97E /* MyGarden.app */;
			productType = "com.apple.product-type.application";
		};
		7C77126E2B91F102002AB97E /* MyGardenTests */ = {
			isa = PBXNativeTarget;
			buildConfigurationList = 7C7712862B91F102002AB97E /* Build configuration list for PBXNativeTarget "MyGardenTests" */;
			buildPhases = (
				7C77126B2B91F102002AB97E /* Sources */,
				7C77126C2B91F102002AB97E /* Frameworks */,
				7C77126D2B91F102002AB97E /* Resources */,
			);
			buildRules = (
			);
			dependencies = (
				7C7712712B91F102002AB97E /* PBXTargetDependency */,
			);
			name = MyGardenTests;
			packageProductDependencies = (
				7C53B2EB2BADB65A00BBFEA2 /* SnapKit */,
				7C53B2ED2BADB65A00BBFEA2 /* SnapKit-Dynamic */,
			);
			productName = MyGardenTests;
			productReference = 7C77126F2B91F102002AB97E /* MyGardenTests.xctest */;
			productType = "com.apple.product-type.bundle.unit-test";
		};
		7C7712782B91F102002AB97E /* MyGardenUITests */ = {
			isa = PBXNativeTarget;
			buildConfigurationList = 7C7712892B91F102002AB97E /* Build configuration list for PBXNativeTarget "MyGardenUITests" */;
			buildPhases = (
				7C7712752B91F102002AB97E /* Sources */,
				7C7712762B91F102002AB97E /* Frameworks */,
				7C7712772B91F102002AB97E /* Resources */,
			);
			buildRules = (
			);
			dependencies = (
				7C77127B2B91F102002AB97E /* PBXTargetDependency */,
			);
			name = MyGardenUITests;
			productName = MyGardenUITests;
			productReference = 7C7712792B91F102002AB97E /* MyGardenUITests.xctest */;
			productType = "com.apple.product-type.bundle.ui-testing";
		};
/* End PBXNativeTarget section */

/* Begin PBXProject section */
		7C77124E2B91F100002AB97E /* Project object */ = {
			isa = PBXProject;
			attributes = {
				BuildIndependentTargetsInParallel = 1;
				LastSwiftUpdateCheck = 1520;
				LastUpgradeCheck = 1520;
				TargetAttributes = {
					7C7712552B91F100002AB97E = {
						CreatedOnToolsVersion = 15.2;
					};
					7C77126E2B91F102002AB97E = {
						CreatedOnToolsVersion = 15.2;
						TestTargetID = 7C7712552B91F100002AB97E;
					};
					7C7712782B91F102002AB97E = {
						CreatedOnToolsVersion = 15.2;
						TestTargetID = 7C7712552B91F100002AB97E;
					};
				};
			};
			buildConfigurationList = 7C7712512B91F100002AB97E /* Build configuration list for PBXProject "MyGarden" */;
			compatibilityVersion = "Xcode 14.0";
			developmentRegion = en;
			hasScannedForEncodings = 0;
			knownRegions = (
				en,
				Base,
			);
			mainGroup = 7C77124D2B91F100002AB97E;
			packageReferences = (
				7C53B2E42BADB2E100BBFEA2 /* XCRemoteSwiftPackageReference "SnapKit" */,
			);
			productRefGroup = 7C7712572B91F100002AB97E /* Products */;
			projectDirPath = "";
			projectRoot = "";
			targets = (
				7C7712552B91F100002AB97E /* MyGarden */,
				7C77126E2B91F102002AB97E /* MyGardenTests */,
				7C7712782B91F102002AB97E /* MyGardenUITests */,
			);
		};
/* End PBXProject section */

/* Begin PBXResourcesBuildPhase section */
		7C7712542B91F100002AB97E /* Resources */ = {
			isa = PBXResourcesBuildPhase;
			buildActionMask = 2147483647;
			files = (
				7C53B2FC2BBED98300BBFEA2 /* Roboto.ttf in Resources */,
				7C7712692B91F102002AB97E /* LaunchScreen.storyboard in Resources */,
				7C9EC35A2BECDDFC009C142C /* Roboto-Bold.ttf in Resources */,
				7C9EC33E2BECD870009C142C /* RobotoFlex.ttf in Resources */,
				7C7712662B91F102002AB97E /* Assets.xcassets in Resources */,
			);
			runOnlyForDeploymentPostprocessing = 0;
		};
		7C77126D2B91F102002AB97E /* Resources */ = {
			isa = PBXResourcesBuildPhase;
			buildActionMask = 2147483647;
			files = (
				7C9EC35B2BECDDFC009C142C /* Roboto-Bold.ttf in Resources */,
				7C9EC33F2BECD870009C142C /* RobotoFlex.ttf in Resources */,
			);
			runOnlyForDeploymentPostprocessing = 0;
		};
		7C7712772B91F102002AB97E /* Resources */ = {
			isa = PBXResourcesBuildPhase;
			buildActionMask = 2147483647;
			files = (
				7C9EC35C2BECDDFC009C142C /* Roboto-Bold.ttf in Resources */,
				7C9EC3402BECD870009C142C /* RobotoFlex.ttf in Resources */,
			);
			runOnlyForDeploymentPostprocessing = 0;
		};
/* End PBXResourcesBuildPhase section */

/* Begin PBXSourcesBuildPhase section */
		7C7712522B91F100002AB97E /* Sources */ = {
			isa = PBXSourcesBuildPhase;
			buildActionMask = 2147483647;
			files = (
				7C1C2FA62C0CF949009FAEED /* TagCollectionViewModule.swift in Sources */,
				7C82BDF92C09EC720023F09E /* PlantService.swift in Sources */,
				7C18DADA2C049AB600BDC705 /* ReminderRepository.swift in Sources */,
				7C3B94CF2BF3CF690017D620 /* NoteService.swift in Sources */,
				7C82BDF72C090D800023F09E /* PlantRepository.swift in Sources */,
				7C3B94C92BF34D390017D620 /* PlantAssembly.swift in Sources */,
				7C53B2FE2BBED99500BBFEA2 /* CustomFonts.swift in Sources */,
				7C18DAD32BF8BB4F00BDC705 /* AddReminderViewController.swift in Sources */,
				7C53B3072BC1F4B900BBFEA2 /* DayPresenter.swift in Sources */,
				7C9EC32C2BE62DEE009C142C /* TagCollectionView.swift in Sources */,
				7C3B94CB2BF36B580017D620 /* ListOfPlantTVC.swift in Sources */,
				7C53B2F32BB6EFDB00BBFEA2 /* CustomColors.swift in Sources */,
				7C82BDF32C0749D00023F09E /* CalendarViewController.swift in Sources */,
				7C18DACA2BF4AA2400BDC705 /* MyGarden.xcdatamodeld in Sources */,
				7C82BDFC2C0A15460023F09E /* ListOfPlantsPresenter.swift in Sources */,
				7C1C2FAB2C0DC048009FAEED /* TagsPresenter.swift in Sources */,
				7C18DACE2BF63B0000BDC705 /* PlantScrollViewController.swift in Sources */,
				7C18DAD82C04984600BDC705 /* ReminderEntity.swift in Sources */,
				7C9EC3352BEB689C009C142C /* PlantsModule.swift in Sources */,
				7C1C2FAD2C0DC08C009FAEED /* TagsModule.swift in Sources */,
				7C1C2FAF2C0DC0F5009FAEED /* TagService.swift in Sources */,
				7C53B2F62BB6F01000BBFEA2 /* NoteView.swift in Sources */,
				7C82BDF52C0767F00023F09E /* CalendarAssembly.swift in Sources */,
				7C9EC36B2BEF5B06009C142C /* NoteRepository.swift in Sources */,
				7C1C2FA92C0DC02F009FAEED /* TagViewController.swift in Sources */,
				7C53B2F82BB8251900BBFEA2 /* ReminderView.swift in Sources */,
				7C77125E2B91F100002AB97E /* MainViewController.swift in Sources */,
				7C18DAD62BFF63FC00BDC705 /* PlantEntity.swift in Sources */,
				7C53B30B2BDFA0B000BBFEA2 /* DayModule.swift in Sources */,
				7C77125A2B91F100002AB97E /* AppDelegate.swift in Sources */,
				7C3B94CD2BF378FC0017D620 /* PlantTVC.swift in Sources */,
				7C2DD4FB2C0B2EFA00C2F37D /* TagRepository.swift in Sources */,
				7C18DACC2BF4CFA700BDC705 /* DayScrollController.swift in Sources */,
				7C53B3092BDBCBCF00BBFEA2 /* ReminderButton.swift in Sources */,
				7C1C2FA12C0C96D9009FAEED /* Repository.swift in Sources */,
				7C9EC3632BEF54F4009C142C /* NoteEntity.swift in Sources */,
				7C9EC3312BEA22B1009C142C /* DayAssembly.swift in Sources */,
				7C77125C2B91F100002AB97E /* SceneDelegate.swift in Sources */,
				7C7A90C32C066D4600A8786D /* ReminderModule.swift in Sources */,
				7C9EC3332BEB6887009C142C /* PlantsPresenter.swift in Sources */,
				7C18DADC2C05EE3F00BDC705 /* ReminderService.swift in Sources */,
				7C53B3022BBEDFE100BBFEA2 /* TagView.swift in Sources */,
				7C18DAD02BF76F6F00BDC705 /* FixedDatesView.swift in Sources */,
				7C82BDFF2C0A65900023F09E /* TagEntity.swift in Sources */,
			);
			runOnlyForDeploymentPostprocessing = 0;
		};
		7C77126B2B91F102002AB97E /* Sources */ = {
			isa = PBXSourcesBuildPhase;
			buildActionMask = 2147483647;
			files = (
				7C7712742B91F102002AB97E /* MyGardenTests.swift in Sources */,
				7C9EC36C2BEF5B06009C142C /* NoteRepository.swift in Sources */,
				7C9EC3642BEF54F4009C142C /* NoteEntity.swift in Sources */,
			);
			runOnlyForDeploymentPostprocessing = 0;
		};
		7C7712752B91F102002AB97E /* Sources */ = {
			isa = PBXSourcesBuildPhase;
			buildActionMask = 2147483647;
			files = (
				7C9EC36D2BEF5B06009C142C /* NoteRepository.swift in Sources */,
				7C9EC3652BEF54F4009C142C /* NoteEntity.swift in Sources */,
				7C7712802B91F102002AB97E /* MyGardenUITestsLaunchTests.swift in Sources */,
				7C77127E2B91F102002AB97E /* MyGardenUITests.swift in Sources */,
			);
			runOnlyForDeploymentPostprocessing = 0;
		};
/* End PBXSourcesBuildPhase section */

/* Begin PBXTargetDependency section */
		7C7712712B91F102002AB97E /* PBXTargetDependency */ = {
			isa = PBXTargetDependency;
			target = 7C7712552B91F100002AB97E /* MyGarden */;
			targetProxy = 7C7712702B91F102002AB97E /* PBXContainerItemProxy */;
		};
		7C77127B2B91F102002AB97E /* PBXTargetDependency */ = {
			isa = PBXTargetDependency;
			target = 7C7712552B91F100002AB97E /* MyGarden */;
			targetProxy = 7C77127A2B91F102002AB97E /* PBXContainerItemProxy */;
		};
/* End PBXTargetDependency section */

/* Begin PBXVariantGroup section */
		7C7712672B91F102002AB97E /* LaunchScreen.storyboard */ = {
			isa = PBXVariantGroup;
			children = (
				7C7712682B91F102002AB97E /* Base */,
			);
			name = LaunchScreen.storyboard;
			sourceTree = "<group>";
		};
/* End PBXVariantGroup section */

/* Begin XCBuildConfiguration section */
		7C7712812B91F102002AB97E /* Debug */ = {
			isa = XCBuildConfiguration;
			buildSettings = {
				ALWAYS_SEARCH_USER_PATHS = NO;
				ASSETCATALOG_COMPILER_GENERATE_SWIFT_ASSET_SYMBOL_EXTENSIONS = YES;
				CLANG_ANALYZER_NONNULL = YES;
				CLANG_ANALYZER_NUMBER_OBJECT_CONVERSION = YES_AGGRESSIVE;
				CLANG_CXX_LANGUAGE_STANDARD = "gnu++20";
				CLANG_ENABLE_MODULES = YES;
				CLANG_ENABLE_OBJC_ARC = YES;
				CLANG_ENABLE_OBJC_WEAK = YES;
				CLANG_WARN_BLOCK_CAPTURE_AUTORELEASING = YES;
				CLANG_WARN_BOOL_CONVERSION = YES;
				CLANG_WARN_COMMA = YES;
				CLANG_WARN_CONSTANT_CONVERSION = YES;
				CLANG_WARN_DEPRECATED_OBJC_IMPLEMENTATIONS = YES;
				CLANG_WARN_DIRECT_OBJC_ISA_USAGE = YES_ERROR;
				CLANG_WARN_DOCUMENTATION_COMMENTS = YES;
				CLANG_WARN_EMPTY_BODY = YES;
				CLANG_WARN_ENUM_CONVERSION = YES;
				CLANG_WARN_INFINITE_RECURSION = YES;
				CLANG_WARN_INT_CONVERSION = YES;
				CLANG_WARN_NON_LITERAL_NULL_CONVERSION = YES;
				CLANG_WARN_OBJC_IMPLICIT_RETAIN_SELF = YES;
				CLANG_WARN_OBJC_LITERAL_CONVERSION = YES;
				CLANG_WARN_OBJC_ROOT_CLASS = YES_ERROR;
				CLANG_WARN_QUOTED_INCLUDE_IN_FRAMEWORK_HEADER = YES;
				CLANG_WARN_RANGE_LOOP_ANALYSIS = YES;
				CLANG_WARN_STRICT_PROTOTYPES = YES;
				CLANG_WARN_SUSPICIOUS_MOVE = YES;
				CLANG_WARN_UNGUARDED_AVAILABILITY = YES_AGGRESSIVE;
				CLANG_WARN_UNREACHABLE_CODE = YES;
				CLANG_WARN__DUPLICATE_METHOD_MATCH = YES;
				COPY_PHASE_STRIP = NO;
				DEBUG_INFORMATION_FORMAT = dwarf;
				ENABLE_STRICT_OBJC_MSGSEND = YES;
				ENABLE_TESTABILITY = YES;
				ENABLE_USER_SCRIPT_SANDBOXING = YES;
				GCC_C_LANGUAGE_STANDARD = gnu17;
				GCC_DYNAMIC_NO_PIC = NO;
				GCC_NO_COMMON_BLOCKS = YES;
				GCC_OPTIMIZATION_LEVEL = 0;
				GCC_PREPROCESSOR_DEFINITIONS = (
					"DEBUG=1",
					"$(inherited)",
				);
				GCC_WARN_64_TO_32_BIT_CONVERSION = YES;
				GCC_WARN_ABOUT_RETURN_TYPE = YES_ERROR;
				GCC_WARN_UNDECLARED_SELECTOR = YES;
				GCC_WARN_UNINITIALIZED_AUTOS = YES_AGGRESSIVE;
				GCC_WARN_UNUSED_FUNCTION = YES;
				GCC_WARN_UNUSED_VARIABLE = YES;
				IPHONEOS_DEPLOYMENT_TARGET = 17.2;
				LOCALIZATION_PREFERS_STRING_CATALOGS = YES;
				MTL_ENABLE_DEBUG_INFO = INCLUDE_SOURCE;
				MTL_FAST_MATH = YES;
				ONLY_ACTIVE_ARCH = YES;
				SDKROOT = iphoneos;
				SWIFT_ACTIVE_COMPILATION_CONDITIONS = "DEBUG $(inherited)";
				SWIFT_OPTIMIZATION_LEVEL = "-Onone";
			};
			name = Debug;
		};
		7C7712822B91F102002AB97E /* Release */ = {
			isa = XCBuildConfiguration;
			buildSettings = {
				ALWAYS_SEARCH_USER_PATHS = NO;
				ASSETCATALOG_COMPILER_GENERATE_SWIFT_ASSET_SYMBOL_EXTENSIONS = YES;
				CLANG_ANALYZER_NONNULL = YES;
				CLANG_ANALYZER_NUMBER_OBJECT_CONVERSION = YES_AGGRESSIVE;
				CLANG_CXX_LANGUAGE_STANDARD = "gnu++20";
				CLANG_ENABLE_MODULES = YES;
				CLANG_ENABLE_OBJC_ARC = YES;
				CLANG_ENABLE_OBJC_WEAK = YES;
				CLANG_WARN_BLOCK_CAPTURE_AUTORELEASING = YES;
				CLANG_WARN_BOOL_CONVERSION = YES;
				CLANG_WARN_COMMA = YES;
				CLANG_WARN_CONSTANT_CONVERSION = YES;
				CLANG_WARN_DEPRECATED_OBJC_IMPLEMENTATIONS = YES;
				CLANG_WARN_DIRECT_OBJC_ISA_USAGE = YES_ERROR;
				CLANG_WARN_DOCUMENTATION_COMMENTS = YES;
				CLANG_WARN_EMPTY_BODY = YES;
				CLANG_WARN_ENUM_CONVERSION = YES;
				CLANG_WARN_INFINITE_RECURSION = YES;
				CLANG_WARN_INT_CONVERSION = YES;
				CLANG_WARN_NON_LITERAL_NULL_CONVERSION = YES;
				CLANG_WARN_OBJC_IMPLICIT_RETAIN_SELF = YES;
				CLANG_WARN_OBJC_LITERAL_CONVERSION = YES;
				CLANG_WARN_OBJC_ROOT_CLASS = YES_ERROR;
				CLANG_WARN_QUOTED_INCLUDE_IN_FRAMEWORK_HEADER = YES;
				CLANG_WARN_RANGE_LOOP_ANALYSIS = YES;
				CLANG_WARN_STRICT_PROTOTYPES = YES;
				CLANG_WARN_SUSPICIOUS_MOVE = YES;
				CLANG_WARN_UNGUARDED_AVAILABILITY = YES_AGGRESSIVE;
				CLANG_WARN_UNREACHABLE_CODE = YES;
				CLANG_WARN__DUPLICATE_METHOD_MATCH = YES;
				COPY_PHASE_STRIP = NO;
				DEBUG_INFORMATION_FORMAT = "dwarf-with-dsym";
				ENABLE_NS_ASSERTIONS = NO;
				ENABLE_STRICT_OBJC_MSGSEND = YES;
				ENABLE_USER_SCRIPT_SANDBOXING = YES;
				GCC_C_LANGUAGE_STANDARD = gnu17;
				GCC_NO_COMMON_BLOCKS = YES;
				GCC_WARN_64_TO_32_BIT_CONVERSION = YES;
				GCC_WARN_ABOUT_RETURN_TYPE = YES_ERROR;
				GCC_WARN_UNDECLARED_SELECTOR = YES;
				GCC_WARN_UNINITIALIZED_AUTOS = YES_AGGRESSIVE;
				GCC_WARN_UNUSED_FUNCTION = YES;
				GCC_WARN_UNUSED_VARIABLE = YES;
				IPHONEOS_DEPLOYMENT_TARGET = 17.2;
				LOCALIZATION_PREFERS_STRING_CATALOGS = YES;
				MTL_ENABLE_DEBUG_INFO = NO;
				MTL_FAST_MATH = YES;
				SDKROOT = iphoneos;
				SWIFT_COMPILATION_MODE = wholemodule;
				VALIDATE_PRODUCT = YES;
			};
			name = Release;
		};
		7C7712842B91F102002AB97E /* Debug */ = {
			isa = XCBuildConfiguration;
			buildSettings = {
				ASSETCATALOG_COMPILER_APPICON_NAME = AppIcon;
				ASSETCATALOG_COMPILER_GLOBAL_ACCENT_COLOR_NAME = AccentColor;
				CODE_SIGN_STYLE = Automatic;
				CURRENT_PROJECT_VERSION = 1;
				GENERATE_INFOPLIST_FILE = YES;
				INFOPLIST_FILE = MyGarden/Info.plist;
				INFOPLIST_KEY_UIApplicationSupportsIndirectInputEvents = YES;
				INFOPLIST_KEY_UILaunchStoryboardName = LaunchScreen;
				INFOPLIST_KEY_UISupportedInterfaceOrientations_iPad = "UIInterfaceOrientationPortrait UIInterfaceOrientationPortraitUpsideDown UIInterfaceOrientationLandscapeLeft UIInterfaceOrientationLandscapeRight";
				INFOPLIST_KEY_UISupportedInterfaceOrientations_iPhone = "UIInterfaceOrientationPortrait UIInterfaceOrientationLandscapeLeft UIInterfaceOrientationLandscapeRight";
				LD_RUNPATH_SEARCH_PATHS = (
					"$(inherited)",
					"@executable_path/Frameworks",
				);
				MARKETING_VERSION = 1.0;
				PRODUCT_BUNDLE_IDENTIFIER = bikkinina.a.MyGarden;
				PRODUCT_NAME = "$(TARGET_NAME)";
				SUPPORTED_PLATFORMS = "iphoneos iphonesimulator";
				SUPPORTS_MACCATALYST = NO;
				SUPPORTS_MAC_DESIGNED_FOR_IPHONE_IPAD = NO;
				SUPPORTS_XR_DESIGNED_FOR_IPHONE_IPAD = NO;
				SWIFT_EMIT_LOC_STRINGS = YES;
				SWIFT_VERSION = 5.0;
				TARGETED_DEVICE_FAMILY = 1;
			};
			name = Debug;
		};
		7C7712852B91F102002AB97E /* Release */ = {
			isa = XCBuildConfiguration;
			buildSettings = {
				ASSETCATALOG_COMPILER_APPICON_NAME = AppIcon;
				ASSETCATALOG_COMPILER_GLOBAL_ACCENT_COLOR_NAME = AccentColor;
				CODE_SIGN_STYLE = Automatic;
				CURRENT_PROJECT_VERSION = 1;
				GENERATE_INFOPLIST_FILE = YES;
				INFOPLIST_FILE = MyGarden/Info.plist;
				INFOPLIST_KEY_UIApplicationSupportsIndirectInputEvents = YES;
				INFOPLIST_KEY_UILaunchStoryboardName = LaunchScreen;
				INFOPLIST_KEY_UISupportedInterfaceOrientations_iPad = "UIInterfaceOrientationPortrait UIInterfaceOrientationPortraitUpsideDown UIInterfaceOrientationLandscapeLeft UIInterfaceOrientationLandscapeRight";
				INFOPLIST_KEY_UISupportedInterfaceOrientations_iPhone = "UIInterfaceOrientationPortrait UIInterfaceOrientationLandscapeLeft UIInterfaceOrientationLandscapeRight";
				LD_RUNPATH_SEARCH_PATHS = (
					"$(inherited)",
					"@executable_path/Frameworks",
				);
				MARKETING_VERSION = 1.0;
				PRODUCT_BUNDLE_IDENTIFIER = bikkinina.a.MyGarden;
				PRODUCT_NAME = "$(TARGET_NAME)";
				SUPPORTED_PLATFORMS = "iphoneos iphonesimulator";
				SUPPORTS_MACCATALYST = NO;
				SUPPORTS_MAC_DESIGNED_FOR_IPHONE_IPAD = NO;
				SUPPORTS_XR_DESIGNED_FOR_IPHONE_IPAD = NO;
				SWIFT_EMIT_LOC_STRINGS = YES;
				SWIFT_VERSION = 5.0;
				TARGETED_DEVICE_FAMILY = 1;
			};
			name = Release;
		};
		7C7712872B91F102002AB97E /* Debug */ = {
			isa = XCBuildConfiguration;
			buildSettings = {
				ALWAYS_EMBED_SWIFT_STANDARD_LIBRARIES = YES;
				BUNDLE_LOADER = "$(TEST_HOST)";
				CODE_SIGN_STYLE = Automatic;
				CURRENT_PROJECT_VERSION = 1;
				GENERATE_INFOPLIST_FILE = YES;
				IPHONEOS_DEPLOYMENT_TARGET = 17.2;
				MARKETING_VERSION = 1.0;
				PRODUCT_BUNDLE_IDENTIFIER = bikkinina.a.MyGardenTests;
				PRODUCT_NAME = "$(TARGET_NAME)";
				SWIFT_EMIT_LOC_STRINGS = NO;
				SWIFT_VERSION = 5.0;
				TARGETED_DEVICE_FAMILY = "1,2";
				TEST_HOST = "$(BUILT_PRODUCTS_DIR)/MyGarden.app/$(BUNDLE_EXECUTABLE_FOLDER_PATH)/MyGarden";
			};
			name = Debug;
		};
		7C7712882B91F102002AB97E /* Release */ = {
			isa = XCBuildConfiguration;
			buildSettings = {
				ALWAYS_EMBED_SWIFT_STANDARD_LIBRARIES = YES;
				BUNDLE_LOADER = "$(TEST_HOST)";
				CODE_SIGN_STYLE = Automatic;
				CURRENT_PROJECT_VERSION = 1;
				GENERATE_INFOPLIST_FILE = YES;
				IPHONEOS_DEPLOYMENT_TARGET = 17.2;
				MARKETING_VERSION = 1.0;
				PRODUCT_BUNDLE_IDENTIFIER = bikkinina.a.MyGardenTests;
				PRODUCT_NAME = "$(TARGET_NAME)";
				SWIFT_EMIT_LOC_STRINGS = NO;
				SWIFT_VERSION = 5.0;
				TARGETED_DEVICE_FAMILY = "1,2";
				TEST_HOST = "$(BUILT_PRODUCTS_DIR)/MyGarden.app/$(BUNDLE_EXECUTABLE_FOLDER_PATH)/MyGarden";
			};
			name = Release;
		};
		7C77128A2B91F102002AB97E /* Debug */ = {
			isa = XCBuildConfiguration;
			buildSettings = {
				ALWAYS_EMBED_SWIFT_STANDARD_LIBRARIES = YES;
				CODE_SIGN_STYLE = Automatic;
				CURRENT_PROJECT_VERSION = 1;
				GENERATE_INFOPLIST_FILE = YES;
				MARKETING_VERSION = 1.0;
				PRODUCT_BUNDLE_IDENTIFIER = bikkinina.a.MyGardenUITests;
				PRODUCT_NAME = "$(TARGET_NAME)";
				SWIFT_EMIT_LOC_STRINGS = NO;
				SWIFT_VERSION = 5.0;
				TARGETED_DEVICE_FAMILY = "1,2";
				TEST_TARGET_NAME = MyGarden;
			};
			name = Debug;
		};
		7C77128B2B91F102002AB97E /* Release */ = {
			isa = XCBuildConfiguration;
			buildSettings = {
				ALWAYS_EMBED_SWIFT_STANDARD_LIBRARIES = YES;
				CODE_SIGN_STYLE = Automatic;
				CURRENT_PROJECT_VERSION = 1;
				GENERATE_INFOPLIST_FILE = YES;
				MARKETING_VERSION = 1.0;
				PRODUCT_BUNDLE_IDENTIFIER = bikkinina.a.MyGardenUITests;
				PRODUCT_NAME = "$(TARGET_NAME)";
				SWIFT_EMIT_LOC_STRINGS = NO;
				SWIFT_VERSION = 5.0;
				TARGETED_DEVICE_FAMILY = "1,2";
				TEST_TARGET_NAME = MyGarden;
			};
			name = Release;
		};
/* End XCBuildConfiguration section */

/* Begin XCConfigurationList section */
		7C7712512B91F100002AB97E /* Build configuration list for PBXProject "MyGarden" */ = {
			isa = XCConfigurationList;
			buildConfigurations = (
				7C7712812B91F102002AB97E /* Debug */,
				7C7712822B91F102002AB97E /* Release */,
			);
			defaultConfigurationIsVisible = 0;
			defaultConfigurationName = Release;
		};
		7C7712832B91F102002AB97E /* Build configuration list for PBXNativeTarget "MyGarden" */ = {
			isa = XCConfigurationList;
			buildConfigurations = (
				7C7712842B91F102002AB97E /* Debug */,
				7C7712852B91F102002AB97E /* Release */,
			);
			defaultConfigurationIsVisible = 0;
			defaultConfigurationName = Release;
		};
		7C7712862B91F102002AB97E /* Build configuration list for PBXNativeTarget "MyGardenTests" */ = {
			isa = XCConfigurationList;
			buildConfigurations = (
				7C7712872B91F102002AB97E /* Debug */,
				7C7712882B91F102002AB97E /* Release */,
			);
			defaultConfigurationIsVisible = 0;
			defaultConfigurationName = Release;
		};
		7C7712892B91F102002AB97E /* Build configuration list for PBXNativeTarget "MyGardenUITests" */ = {
			isa = XCConfigurationList;
			buildConfigurations = (
				7C77128A2B91F102002AB97E /* Debug */,
				7C77128B2B91F102002AB97E /* Release */,
			);
			defaultConfigurationIsVisible = 0;
			defaultConfigurationName = Release;
		};
/* End XCConfigurationList section */

/* Begin XCRemoteSwiftPackageReference section */
		7C53B2E42BADB2E100BBFEA2 /* XCRemoteSwiftPackageReference "SnapKit" */ = {
			isa = XCRemoteSwiftPackageReference;
			repositoryURL = "https://github.com/SnapKit/SnapKit";
			requirement = {
				kind = upToNextMajorVersion;
				minimumVersion = 5.7.1;
			};
		};
/* End XCRemoteSwiftPackageReference section */

/* Begin XCSwiftPackageProductDependency section */
		7C53B2E52BADB5B300BBFEA2 /* SnapKit */ = {
			isa = XCSwiftPackageProductDependency;
			package = 7C53B2E42BADB2E100BBFEA2 /* XCRemoteSwiftPackageReference "SnapKit" */;
			productName = SnapKit;
		};
		7C53B2E72BADB5B300BBFEA2 /* SnapKit-Dynamic */ = {
			isa = XCSwiftPackageProductDependency;
			package = 7C53B2E42BADB2E100BBFEA2 /* XCRemoteSwiftPackageReference "SnapKit" */;
			productName = "SnapKit-Dynamic";
		};
		7C53B2EB2BADB65A00BBFEA2 /* SnapKit */ = {
			isa = XCSwiftPackageProductDependency;
			package = 7C53B2E42BADB2E100BBFEA2 /* XCRemoteSwiftPackageReference "SnapKit" */;
			productName = SnapKit;
		};
		7C53B2ED2BADB65A00BBFEA2 /* SnapKit-Dynamic */ = {
			isa = XCSwiftPackageProductDependency;
			package = 7C53B2E42BADB2E100BBFEA2 /* XCRemoteSwiftPackageReference "SnapKit" */;
			productName = "SnapKit-Dynamic";
		};
/* End XCSwiftPackageProductDependency section */

/* Begin XCVersionGroup section */
		7C18DAC82BF4AA2400BDC705 /* MyGarden.xcdatamodeld */ = {
			isa = XCVersionGroup;
			children = (
				7C18DAC92BF4AA2400BDC705 /* MyGarden.xcdatamodel */,
			);
			currentVersion = 7C18DAC92BF4AA2400BDC705 /* MyGarden.xcdatamodel */;
			path = MyGarden.xcdatamodeld;
			sourceTree = SOURCE_ROOT;
			versionGroupType = wrapper.xcdatamodel;
		};
/* End XCVersionGroup section */
	};
	rootObject = 7C77124E2B91F100002AB97E /* Project object */;
}
